
Microsoft Visual Studio Solution File, Format Version 12.00
# Visual Studio 2013
VisualStudioVersion = 12.0.40629.0
MinimumVisualStudioVersion = 10.0.40219.1
Project("{FAE04EC0-301F-11D3-BF4B-00C04F79EFBC}") = "BackendCSharpOAuth", "BackendCSharpOAuth\BackendCSharpOAuth.csproj", "{AC68C212-8168-4A30-8759-EC45ED371476}"
EndProject
Project("{FAE04EC0-301F-11D3-BF4B-00C04F79EFBC}") = "Web", "Web\Web.csproj", "{F3F54C7D-1DD2-4471-A25D-99E8BA04035B}"
EndProject
Global
	GlobalSection(SolutionConfigurationPlatforms) = preSolution
		Debug|Any CPU = Debug|Any CPU
		Release|Any CPU = Release|Any CPU
	EndGlobalSection
	GlobalSection(ProjectConfigurationPlatforms) = postSolution
		{AC68C212-8168-4A30-8759-EC45ED371476}.Debug|Any CPU.ActiveCfg = Debug|Any CPU
		{AC68C212-8168-4A30-8759-EC45ED371476}.Debug|Any CPU.Build.0 = Debug|Any CPU
		{AC68C212-8168-4A30-8759-EC45ED371476}.Release|Any CPU.ActiveCfg = Release|Any CPU
		{AC68C212-8168-4A30-8759-EC45ED371476}.Release|Any CPU.Build.0 = Release|Any CPU
		{F3F54C7D-1DD2-4471-A25D-99E8BA04035B}.Debug|Any CPU.ActiveCfg = Debug|Any CPU
		{F3F54C7D-1DD2-4471-A25D-99E8BA04035B}.Debug|Any CPU.Build.0 = Debug|Any CPU
		{F3F54C7D-1DD2-4471-A25D-99E8BA04035B}.Release|Any CPU.ActiveCfg = Release|Any CPU
		{F3F54C7D-1DD2-4471-A25D-99E8BA04035B}.Release|Any CPU.Build.0 = Release|Any CPU
	EndGlobalSection
	GlobalSection(SolutionProperties) = preSolution
		HideSolutionNode = FALSE
	EndGlobalSection
	GlobalSection(ExtensibilityGlobals) = postSolution
		SolutionGuid = {1BE7426D-3203-4E82-96B2-CE425D587FC5}
	EndGlobalSection
EndGlobal
